
Microsoft Visual Studio Solution File, Format Version 12.00
# Visual Studio Version 17
VisualStudioVersion = 17.10.34928.147
MinimumVisualStudioVersion = 10.0.40219.1
Project("{8BC9CEB8-8B4A-11D0-8D11-00A0C91BC942}") = "CS303Lecture10", "CS303Lecture10\CS303Lecture10.vcxproj", "{82390814-3F27-4E3E-BEAA-FDE49B40F00C}"
EndProject
Global
	GlobalSection(SolutionConfigurationPlatforms) = preSolution
		Debug|x64 = Debug|x64
		Debug|x86 = Debug|x86
		Release|x64 = Release|x64
		Release|x86 = Release|x86
	EndGlobalSection
	GlobalSection(ProjectConfigurationPlatforms) = postSolution
		{82390814-3F27-4E3E-BEAA-FDE49B40F00C}.Debug|x64.ActiveCfg = Debug|x64
		{82390814-3F27-4E3E-BEAA-FDE49B40F00C}.Debug|x64.Build.0 = Debug|x64
		{82390814-3F27-4E3E-BEAA-FDE49B40F00C}.Debug|x86.ActiveCfg = Debug|Win32
		{82390814-3F27-4E3E-BEAA-FDE49B40F00C}.Debug|x86.Build.0 = Debug|Win32
		{82390814-3F27-4E3E-BEAA-FDE49B40F00C}.Release|x64.ActiveCfg = Release|x64
		{82390814-3F27-4E3E-BEAA-FDE49B40F00C}.Release|x64.Build.0 = Release|x64
		{82390814-3F27-4E3E-BEAA-FDE49B40F00C}.Release|x86.ActiveCfg = Release|Win32
		{82390814-3F27-4E3E-BEAA-FDE49B40F00C}.Release|x86.Build.0 = Release|Win32
	EndGlobalSection
	GlobalSection(SolutionProperties) = preSolution
		HideSolutionNode = FALSE
	EndGlobalSection
	GlobalSection(ExtensibilityGlobals) = postSolution
		SolutionGuid = {8A2D718E-8E2A-48D8-A09D-461F3A7506CD}
	EndGlobalSection
EndGlobal
